
Microsoft Visual Studio Solution File, Format Version 12.00
# Visual Studio Version 17
VisualStudioVersion = 17.2.32602.215
MinimumVisualStudioVersion = 10.0.40219.1
Project("{FAE04EC0-301F-11D3-BF4B-00C04F79EFBC}") = "VariablesAndDataTypes", "VariablesAndDataTypes\VariablesAndDataTypes.csproj", "{0D95B8B9-9830-4630-888F-502BA0CA094D}"
EndProject
Global
	GlobalSection(SolutionConfigurationPlatforms) = preSolution
		Debug|Any CPU = Debug|Any CPU
		Release|Any CPU = Release|Any CPU
	EndGlobalSection
	GlobalSection(ProjectConfigurationPlatforms) = postSolution
		{0D95B8B9-9830-4630-888F-502BA0CA094D}.Debug|Any CPU.ActiveCfg = Debug|Any CPU
		{0D95B8B9-9830-4630-888F-502BA0CA094D}.Debug|Any CPU.Build.0 = Debug|Any CPU
		{0D95B8B9-9830-4630-888F-502BA0CA094D}.Release|Any CPU.ActiveCfg = Release|Any CPU
		{0D95B8B9-9830-4630-888F-502BA0CA094D}.Release|Any CPU.Build.0 = Release|Any CPU
	EndGlobalSection
	GlobalSection(SolutionProperties) = preSolution
		HideSolutionNode = FALSE
	EndGlobalSection
	GlobalSection(ExtensibilityGlobals) = postSolution
		SolutionGuid = {86F626AB-41CA-4D01-B7EB-E5FFFE511DA4}
	EndGlobalSection
EndGlobal
